// !$*UTF8*$!
{
	archiveVersion = 1;
	classes = {
	};
	objectVersion = 50;
	objects = {

/* Begin PBXBuildFile section */
		16CA9ED2213446B6005B8C59 /* AppDelegate.swift in Sources */ = {isa = PBXBuildFile; fileRef = 16CA9ED1213446B6005B8C59 /* AppDelegate.swift */; };
		16CA9ED4213446B6005B8C59 /* ViewController.swift in Sources */ = {isa = PBXBuildFile; fileRef = 16CA9ED3213446B6005B8C59 /* ViewController.swift */; };
		16CA9ED7213446B6005B8C59 /* Main.storyboard in Resources */ = {isa = PBXBuildFile; fileRef = 16CA9ED5213446B6005B8C59 /* Main.storyboard */; };
		16CA9ED9213446B7005B8C59 /* Assets.xcassets in Resources */ = {isa = PBXBuildFile; fileRef = 16CA9ED8213446B7005B8C59 /* Assets.xcassets */; };
		16CA9EDC213446B7005B8C59 /* LaunchScreen.storyboard in Resources */ = {isa = PBXBuildFile; fileRef = 16CA9EDA213446B7005B8C59 /* LaunchScreen.storyboard */; };
		16CA9EE7213446B7005B8C59 /* ImageViewsTests.swift in Sources */ = {isa = PBXBuildFile; fileRef = 16CA9EE6213446B7005B8C59 /* ImageViewsTests.swift */; };
		16CA9EF2213446B7005B8C59 /* ImageViewsUITests.swift in Sources */ = {isa = PBXBuildFile; fileRef = 16CA9EF1213446B7005B8C59 /* ImageViewsUITests.swift */; };
/* End PBXBuildFile section */

/* Begin PBXContainerItemProxy section */
		16CA9EE3213446B7005B8C59 /* PBXContainerItemProxy */ = {
			isa = PBXContainerItemProxy;
			containerPortal = 16CA9EC6213446B6005B8C59 /* Project object */;
			proxyType = 1;
			remoteGlobalIDString = 16CA9ECD213446B6005B8C59;
			remoteInfo = ImageViews;
		};
		16CA9EEE213446B7005B8C59 /* PBXContainerItemProxy */ = {
			isa = PBXContainerItemProxy;
			containerPortal = 16CA9EC6213446B6005B8C59 /* Project object */;
			proxyType = 1;
			remoteGlobalIDString = 16CA9ECD213446B6005B8C59;
			remoteInfo = ImageViews;
		};
/* End PBXContainerItemProxy section */

/* Begin PBXFileReference section */
		16CA9ECE213446B6005B8C59 /* ImageViews.app */ = {isa = PBXFileReference; explicitFileType = wrapper.application; includeInIndex = 0; path = ImageViews.app; sourceTree = BUILT_PRODUCTS_DIR; };
		16CA9ED1213446B6005B8C59 /* AppDelegate.swift */ = {isa = PBXFileReference; lastKnownFileType = sourcecode.swift; path = AppDelegate.swift; sourceTree = "<group>"; };
		16CA9ED3213446B6005B8C59 /* ViewController.swift */ = {isa = PBXFileReference; lastKnownFileType = sourcecode.swift; path = ViewController.swift; sourceTree = "<group>"; };
		16CA9ED6213446B6005B8C59 /* Base */ = {isa = PBXFileReference; lastKnownFileType = file.storyboard; name = Base; path = Base.lproj/Main.storyboard; sourceTree = "<group>"; };
		16CA9ED8213446B7005B8C59 /* Assets.xcassets */ = {isa = PBXFileReference; lastKnownFileType = folder.assetcatalog; path = Assets.xcassets; sourceTree = "<group>"; };
		16CA9EDB213446B7005B8C59 /* Base */ = {isa = PBXFileReference; lastKnownFileType = file.storyboard; name = Base; path = Base.lproj/LaunchScreen.storyboard; sourceTree = "<group>"; };
		16CA9EDD213446B7005B8C59 /* Info.plist */ = {isa = PBXFileReference; lastKnownFileType = text.plist.xml; path = Info.plist; sourceTree = "<group>"; };
		16CA9EE2213446B7005B8C59 /* ImageViewsTests.xctest */ = {isa = PBXFileReference; explicitFileType = wrapper.cfbundle; includeInIndex = 0; path = ImageViewsTests.xctest; sourceTree = BUILT_PRODUCTS_DIR; };
		16CA9EE6213446B7005B8C59 /* ImageViewsTests.swift */ = {isa = PBXFileReference; lastKnownFileType = sourcecode.swift; path = ImageViewsTests.swift; sourceTree = "<group>"; };
		16CA9EE8213446B7005B8C59 /* Info.plist */ = {isa = PBXFileReference; lastKnownFileType = text.plist.xml; path = Info.plist; sourceTree = "<group>"; };
		16CA9EED213446B7005B8C59 /* ImageViewsUITests.xctest */ = {isa = PBXFileReference; explicitFileType = wrapper.cfbundle; includeInIndex = 0; path = ImageViewsUITests.xctest; sourceTree = BUILT_PRODUCTS_DIR; };
		16CA9EF1213446B7005B8C59 /* ImageViewsUITests.swift */ = {isa = PBXFileReference; lastKnownFileType = sourcecode.swift; path = ImageViewsUITests.swift; sourceTree = "<group>"; };
		16CA9EF3213446B7005B8C59 /* Info.plist */ = {isa = PBXFileReference; lastKnownFileType = text.plist.xml; path = Info.plist; sourceTree = "<group>"; };
/* End PBXFileReference section */

/* Begin PBXFrameworksBuildPhase section */
		16CA9ECB213446B6005B8C59 /* Frameworks */ = {
			isa = PBXFrameworksBuildPhase;
			buildActionMask = 2147483647;
			files = (
			);
			runOnlyForDeploymentPostprocessing = 0;
		};
		16CA9EDF213446B7005B8C59 /* Frameworks */ = {
			isa = PBXFrameworksBuildPhase;
			buildActionMask = 2147483647;
			files = (
			);
			runOnlyForDeploymentPostprocessing = 0;
		};
		16CA9EEA213446B7005B8C59 /* Frameworks */ = {
			isa = PBXFrameworksBuildPhase;
			buildActionMask = 2147483647;
			files = (
			);
			runOnlyForDeploymentPostprocessing = 0;
		};
/* End PBXFrameworksBuildPhase section */

/* Begin PBXGroup section */
		16CA9EC5213446B6005B8C59 = {
			isa = PBXGroup;
			children = (
				16CA9ED0213446B6005B8C59 /* ImageViews */,
				16CA9EE5213446B7005B8C59 /* ImageViewsTests */,
				16CA9EF0213446B7005B8C59 /* ImageViewsUITests */,
				16CA9ECF213446B6005B8C59 /* Products */,
			);
			sourceTree = "<group>";
		};
		16CA9ECF213446B6005B8C59 /* Products */ = {
			isa = PBXGroup;
			children = (
				16CA9ECE213446B6005B8C59 /* ImageViews.app */,
				16CA9EE2213446B7005B8C59 /* ImageViewsTests.xctest */,
				16CA9EED213446B7005B8C59 /* ImageViewsUITests.xctest */,
			);
			name = Products;
			sourceTree = "<group>";
		};
		16CA9ED0213446B6005B8C59 /* ImageViews */ = {
			isa = PBXGroup;
			children = (
				16CA9ED1213446B6005B8C59 /* AppDelegate.swift */,
				16CA9ED3213446B6005B8C59 /* ViewController.swift */,
				16CA9ED5213446B6005B8C59 /* Main.storyboard */,
				16CA9ED8213446B7005B8C59 /* Assets.xcassets */,
				16CA9EDA213446B7005B8C59 /* LaunchScreen.storyboard */,
				16CA9EDD213446B7005B8C59 /* Info.plist */,
			);
			path = ImageViews;
			sourceTree = "<group>";
		};
		16CA9EE5213446B7005B8C59 /* ImageViewsTests */ = {
			isa = PBXGroup;
			children = (
				16CA9EE6213446B7005B8C59 /* ImageViewsTests.swift */,
				16CA9EE8213446B7005B8C59 /* Info.plist */,
			);
			path = ImageViewsTests;
			sourceTree = "<group>";
		};
		16CA9EF0213446B7005B8C59 /* ImageViewsUITests */ = {
			isa = PBXGroup;
			children = (
				16CA9EF1213446B7005B8C59 /* ImageViewsUITests.swift */,
				16CA9EF3213446B7005B8C59 /* Info.plist */,
			);
			path = ImageViewsUITests;
			sourceTree = "<group>";
		};
/* End PBXGroup section */

/* Begin PBXNativeTarget section */
		16CA9ECD213446B6005B8C59 /* ImageViews */ = {
			isa = PBXNativeTarget;
			buildConfigurationList = 16CA9EF6213446B7005B8C59 /* Build configuration list for PBXNativeTarget "ImageViews" */;
			buildPhases = (
				16CA9ECA213446B6005B8C59 /* Sources */,
				16CA9ECB213446B6005B8C59 /* Frameworks */,
				16CA9ECC213446B6005B8C59 /* Resources */,
			);
			buildRules = (
			);
			dependencies = (
			);
			name = ImageViews;
			productName = ImageViews;
			productReference = 16CA9ECE213446B6005B8C59 /* ImageViews.app */;
			productType = "com.apple.product-type.application";
		};
		16CA9EE1213446B7005B8C59 /* ImageViewsTests */ = {
			isa = PBXNativeTarget;
			buildConfigurationList = 16CA9EF9213446B7005B8C59 /* Build configuration list for PBXNativeTarget "ImageViewsTests" */;
			buildPhases = (
				16CA9EDE213446B7005B8C59 /* Sources */,
				16CA9EDF213446B7005B8C59 /* Frameworks */,
				16CA9EE0213446B7005B8C59 /* Resources */,
			);
			buildRules = (
			);
			dependencies = (
				16CA9EE4213446B7005B8C59 /* PBXTargetDependency */,
			);
			name = ImageViewsTests;
			productName = ImageViewsTests;
			productReference = 16CA9EE2213446B7005B8C59 /* ImageViewsTests.xctest */;
			productType = "com.apple.product-type.bundle.unit-test";
		};
		16CA9EEC213446B7005B8C59 /* ImageViewsUITests */ = {
			isa = PBXNativeTarget;
			buildConfigurationList = 16CA9EFC213446B7005B8C59 /* Build configuration list for PBXNativeTarget "ImageViewsUITests" */;
			buildPhases = (
				16CA9EE9213446B7005B8C59 /* Sources */,
				16CA9EEA213446B7005B8C59 /* Frameworks */,
				16CA9EEB213446B7005B8C59 /* Resources */,
			);
			buildRules = (
			);
			dependencies = (
				16CA9EEF213446B7005B8C59 /* PBXTargetDependency */,
			);
			name = ImageViewsUITests;
			productName = ImageViewsUITests;
			productReference = 16CA9EED213446B7005B8C59 /* ImageViewsUITests.xctest */;
			productType = "com.apple.product-type.bundle.ui-testing";
		};
/* End PBXNativeTarget section */

/* Begin PBXProject section */
		16CA9EC6213446B6005B8C59 /* Project object */ = {
			isa = PBXProject;
			attributes = {
				LastSwiftUpdateCheck = 0940;
				LastUpgradeCheck = 0940;
				ORGANIZATIONNAME = "Zuhair Ali Kahn 2019";
				TargetAttributes = {
					16CA9ECD213446B6005B8C59 = {
						CreatedOnToolsVersion = 9.4.1;
					};
					16CA9EE1213446B7005B8C59 = {
						CreatedOnToolsVersion = 9.4.1;
						TestTargetID = 16CA9ECD213446B6005B8C59;
					};
					16CA9EEC213446B7005B8C59 = {
						CreatedOnToolsVersion = 9.4.1;
						TestTargetID = 16CA9ECD213446B6005B8C59;
					};
				};
			};
			buildConfigurationList = 16CA9EC9213446B6005B8C59 /* Build configuration list for PBXProject "ImageViews" */;
			compatibilityVersion = "Xcode 9.3";
			developmentRegion = en;
			hasScannedForEncodings = 0;
			knownRegions = (
				en,
				Base,
			);
			mainGroup = 16CA9EC5213446B6005B8C59;
			productRefGroup = 16CA9ECF213446B6005B8C59 /* Products */;
			projectDirPath = "";
			projectRoot = "";
			targets = (
				16CA9ECD213446B6005B8C59 /* ImageViews */,
				16CA9EE1213446B7005B8C59 /* ImageViewsTests */,
				16CA9EEC213446B7005B8C59 /* ImageViewsUITests */,
			);
		};
/* End PBXProject section */

/* Begin PBXResourcesBuildPhase section */
		16CA9ECC213446B6005B8C59 /* Resources */ = {
			isa = PBXResourcesBuildPhase;
			buildActionMask = 2147483647;
			files = (
				16CA9EDC213446B7005B8C59 /* LaunchScreen.storyboard in Resources */,
				16CA9ED9213446B7005B8C59 /* Assets.xcassets in Resources */,
				16CA9ED7213446B6005B8C59 /* Main.storyboard in Resources */,
			);
			runOnlyForDeploymentPostprocessing = 0;
		};
		16CA9EE0213446B7005B8C59 /* Resources */ = {
			isa = PBXResourcesBuildPhase;
			buildActionMask = 2147483647;
			files = (
			);
			runOnlyForDeploymentPostprocessing = 0;
		};
		16CA9EEB213446B7005B8C59 /* Resources */ = {
			isa = PBXResourcesBuildPhase;
			buildActionMask = 2147483647;
			files = (
			);
			runOnlyForDeploymentPostprocessing = 0;
		};
/* End PBXResourcesBuildPhase section */

/* Begin PBXSourcesBuildPhase section */
		16CA9ECA213446B6005B8C59 /* Sources */ = {
			isa = PBXSourcesBuildPhase;
			buildActionMask = 2147483647;
			files = (
				16CA9ED4213446B6005B8C59 /* ViewController.swift in Sources */,
				16CA9ED2213446B6005B8C59 /* AppDelegate.swift in Sources */,
			);
			runOnlyForDeploymentPostprocessing = 0;
		};
		16CA9EDE213446B7005B8C59 /* Sources */ = {
			isa = PBXSourcesBuildPhase;
			buildActionMask = 2147483647;
			files = (
				16CA9EE7213446B7005B8C59 /* ImageViewsTests.swift in Sources */,
			);
			runOnlyForDeploymentPostprocessing = 0;
		};
		16CA9EE9213446B7005B8C59 /* Sources */ = {
			isa = PBXSourcesBuildPhase;
			buildActionMask = 2147483647;
			files = (
				16CA9EF2213446B7005B8C59 /* ImageViewsUITests.swift in Sources */,
			);
			runOnlyForDeploymentPostprocessing = 0;
		};
/* End PBXSourcesBuildPhase section */

/* Begin PBXTargetDependency section */
		16CA9EE4213446B7005B8C59 /* PBXTargetDependency */ = {
			isa = PBXTargetDependency;
			target = 16CA9ECD213446B6005B8C59 /* ImageViews */;
			targetProxy = 16CA9EE3213446B7005B8C59 /* PBXContainerItemProxy */;
		};
		16CA9EEF213446B7005B8C59 /* PBXTargetDependency */ = {
			isa = PBXTargetDependency;
			target = 16CA9ECD213446B6005B8C59 /* ImageViews */;
			targetProxy = 16CA9EEE213446B7005B8C59 /* PBXContainerItemProxy */;
		};
/* End PBXTargetDependency section */

/* Begin PBXVariantGroup section */
		16CA9ED5213446B6005B8C59 /* Main.storyboard */ = {
			isa = PBXVariantGroup;
			children = (
				16CA9ED6213446B6005B8C59 /* Base */,
			);
			name = Main.storyboard;
			sourceTree = "<group>";
		};
		16CA9EDA213446B7005B8C59 /* LaunchScreen.storyboard */ = {
			isa = PBXVariantGroup;
			children = (
				16CA9EDB213446B7005B8C59 /* Base */,
			);
			name = LaunchScreen.storyboard;
			sourceTree = "<group>";
		};
/* End PBXVariantGroup section */

/* Begin XCBuildConfiguration section */
		16CA9EF4213446B7005B8C59 /* Debug */ = {
			isa = XCBuildConfiguration;
			buildSettings = {
				ALWAYS_SEARCH_USER_PATHS = NO;
				CLANG_ANALYZER_NONNULL = YES;
				CLANG_ANALYZER_NUMBER_OBJECT_CONVERSION = YES_AGGRESSIVE;
				CLANG_CXX_LANGUAGE_STANDARD = "gnu++14";
				CLANG_CXX_LIBRARY = "libc++";
				CLANG_ENABLE_MODULES = YES;
				CLANG_ENABLE_OBJC_ARC = YES;
				CLANG_ENABLE_OBJC_WEAK = YES;
				CLANG_WARN_BLOCK_CAPTURE_AUTORELEASING = YES;
				CLANG_WARN_BOOL_CONVERSION = YES;
				CLANG_WARN_COMMA = YES;
				CLANG_WARN_CONSTANT_CONVERSION = YES;
				CLANG_WARN_DEPRECATED_OBJC_IMPLEMENTATIONS = YES;
				CLANG_WARN_DIRECT_OBJC_ISA_USAGE = YES_ERROR;
				CLANG_WARN_DOCUMENTATION_COMMENTS = YES;
				CLANG_WARN_EMPTY_BODY = YES;
				CLANG_WARN_ENUM_CONVERSION = YES;
				CLANG_WARN_INFINITE_RECURSION = YES;
				CLANG_WARN_INT_CONVERSION = YES;
				CLANG_WARN_NON_LITERAL_NULL_CONVERSION = YES;
				CLANG_WARN_OBJC_IMPLICIT_RETAIN_SELF = YES;
				CLANG_WARN_OBJC_LITERAL_CONVERSION = YES;
				CLANG_WARN_OBJC_ROOT_CLASS = YES_ERROR;
				CLANG_WARN_RANGE_LOOP_ANALYSIS = YES;
				CLANG_WARN_STRICT_PROTOTYPES = YES;
				CLANG_WARN_SUSPICIOUS_MOVE = YES;
				CLANG_WARN_UNGUARDED_AVAILABILITY = YES_AGGRESSIVE;
				CLANG_WARN_UNREACHABLE_CODE = YES;
				CLANG_WARN__DUPLICATE_METHOD_MATCH = YES;
				CODE_SIGN_IDENTITY = "iPhone Developer";
				COPY_PHASE_STRIP = NO;
				DEBUG_INFORMATION_FORMAT = dwarf;
				ENABLE_STRICT_OBJC_MSGSEND = YES;
				ENABLE_TESTABILITY = YES;
				GCC_C_LANGUAGE_STANDARD = gnu11;
				GCC_DYNAMIC_NO_PIC = NO;
				GCC_NO_COMMON_BLOCKS = YES;
				GCC_OPTIMIZATION_LEVEL = 0;
				GCC_PREPROCESSOR_DEFINITIONS = (
					"DEBUG=1",
					"$(inherited)",
				);
				GCC_WARN_64_TO_32_BIT_CONVERSION = YES;
				GCC_WARN_ABOUT_RETURN_TYPE = YES_ERROR;
				GCC_WARN_UNDECLARED_SELECTOR = YES;
				GCC_WARN_UNINITIALIZED_AUTOS = YES_AGGRESSIVE;
				GCC_WARN_UNUSED_FUNCTION = YES;
				GCC_WARN_UNUSED_VARIABLE = YES;
				IPHONEOS_DEPLOYMENT_TARGET = 11.4;
				MTL_ENABLE_DEBUG_INFO = YES;
				ONLY_ACTIVE_ARCH = YES;
				SDKROOT = iphoneos;
				SWIFT_ACTIVE_COMPILATION_CONDITIONS = DEBUG;
				SWIFT_OPTIMIZATION_LEVEL = "-Onone";
			};
			name = Debug;
		};
		16CA9EF5213446B7005B8C59 /* Release */ = {
			isa = XCBuildConfiguration;
			buildSettings = {
				ALWAYS_SEARCH_USER_PATHS = NO;
				CLANG_ANALYZER_NONNULL = YES;
				CLANG_ANALYZER_NUMBER_OBJECT_CONVERSION = YES_AGGRESSIVE;
				CLANG_CXX_LANGUAGE_STANDARD = "gnu++14";
				CLANG_CXX_LIBRARY = "libc++";
				CLANG_ENABLE_MODULES = YES;
				CLANG_ENABLE_OBJC_ARC = YES;
				CLANG_ENABLE_OBJC_WEAK = YES;
				CLANG_WARN_BLOCK_CAPTURE_AUTORELEASING = YES;
				CLANG_WARN_BOOL_CONVERSION = YES;
				CLANG_WARN_COMMA = YES;
				CLANG_WARN_CONSTANT_CONVERSION = YES;
				CLANG_WARN_DEPRECATED_OBJC_IMPLEMENTATIONS = YES;
				CLANG_WARN_DIRECT_OBJC_ISA_USAGE = YES_ERROR;
				CLANG_WARN_DOCUMENTATION_COMMENTS = YES;
				CLANG_WARN_EMPTY_BODY = YES;
				CLANG_WARN_ENUM_CONVERSION = YES;
				CLANG_WARN_INFINITE_RECURSION = YES;
				CLANG_WARN_INT_CONVERSION = YES;
				CLANG_WARN_NON_LITERAL_NULL_CONVERSION = YES;
				CLANG_WARN_OBJC_IMPLICIT_RETAIN_SELF = YES;
				CLANG_WARN_OBJC_LITERAL_CONVERSION = YES;
				CLANG_WARN_OBJC_ROOT_CLASS = YES_ERROR;
				CLANG_WARN_RANGE_LOOP_ANALYSIS = YES;
				CLANG_WARN_STRICT_PROTOTYPES = YES;
				CLANG_WARN_SUSPICIOUS_MOVE = YES;
				CLANG_WARN_UNGUARDED_AVAILABILITY = YES_AGGRESSIVE;
				CLANG_WARN_UNREACHABLE_CODE = YES;
				CLANG_WARN__DUPLICATE_METHOD_MATCH = YES;
				CODE_SIGN_IDENTITY = "iPhone Developer";
				COPY_PHASE_STRIP = NO;
				DEBUG_INFORMATION_FORMAT = "dwarf-with-dsym";
				ENABLE_NS_ASSERTIONS = NO;
				ENABLE_STRICT_OBJC_MSGSEND = YES;
				GCC_C_LANGUAGE_STANDARD = gnu11;
				GCC_NO_COMMON_BLOCKS = YES;
				GCC_WARN_64_TO_32_BIT_CONVERSION = YES;
				GCC_WARN_ABOUT_RETURN_TYPE = YES_ERROR;
				GCC_WARN_UNDECLARED_SELECTOR = YES;
				GCC_WARN_UNINITIALIZED_AUTOS = YES_AGGRESSIVE;
				GCC_WARN_UNUSED_FUNCTION = YES;
				GCC_WARN_UNUSED_VARIABLE = YES;
				IPHONEOS_DEPLOYMENT_TARGET = 11.4;
				MTL_ENABLE_DEBUG_INFO = NO;
				SDKROOT = iphoneos;
				SWIFT_COMPILATION_MODE = wholemodule;
				SWIFT_OPTIMIZATION_LEVEL = "-O";
				VALIDATE_PRODUCT = YES;
			};
			name = Release;
		};
		16CA9EF7213446B7005B8C59 /* Debug */ = {
			isa = XCBuildConfiguration;
			buildSettings = {
				ASSETCATALOG_COMPILER_APPICON_NAME = AppIcon;
				CODE_SIGN_STYLE = Automatic;
				DEVELOPMENT_TEAM = WDTCR7N9PT;
				INFOPLIST_FILE = ImageViews/Info.plist;
				LD_RUNPATH_SEARCH_PATHS = (
					"$(inherited)",
					"@executable_path/Frameworks",
				);
				PRODUCT_BUNDLE_IDENTIFIER = "-7953.ImageViews";
				PRODUCT_NAME = "$(TARGET_NAME)";
				SWIFT_VERSION = 4.0;
				TARGETED_DEVICE_FAMILY = "1,2";
			};
			name = Debug;
		};
		16CA9EF8213446B7005B8C59 /* Release */ = {
			isa = XCBuildConfiguration;
			buildSettings = {
				ASSETCATALOG_COMPILER_APPICON_NAME = AppIcon;
				CODE_SIGN_STYLE = Automatic;
				DEVELOPMENT_TEAM = WDTCR7N9PT;
				INFOPLIST_FILE = ImageViews/Info.plist;
				LD_RUNPATH_SEARCH_PATHS = (
					"$(inherited)",
					"@executable_path/Frameworks",
				);
				PRODUCT_BUNDLE_IDENTIFIER = "-7953.ImageViews";
				PRODUCT_NAME = "$(TARGET_NAME)";
				SWIFT_VERSION = 4.0;
				TARGETED_DEVICE_FAMILY = "1,2";
			};
			name = Release;
		};
		16CA9EFA213446B7005B8C59 /* Debug */ = {
			isa = XCBuildConfiguration;
			buildSettings = {
				ALWAYS_EMBED_SWIFT_STANDARD_LIBRARIES = YES;
				BUNDLE_LOADER = "$(TEST_HOST)";
				CODE_SIGN_STYLE = Automatic;
				DEVELOPMENT_TEAM = WDTCR7N9PT;
				INFOPLIST_FILE = ImageViewsTests/Info.plist;
				LD_RUNPATH_SEARCH_PATHS = (
					"$(inherited)",
					"@executable_path/Frameworks",
					"@loader_path/Frameworks",
				);
				PRODUCT_BUNDLE_IDENTIFIER = "-7953.ImageViewsTests";
				PRODUCT_NAME = "$(TARGET_NAME)";
				SWIFT_VERSION = 4.0;
				TARGETED_DEVICE_FAMILY = "1,2";
				TEST_HOST = "$(BUILT_PRODUCTS_DIR)/ImageViews.app/ImageViews";
			};
			name = Debug;
		};
		16CA9EFB213446B7005B8C59 /* Release */ = {
			isa = XCBuildConfiguration;
			buildSettings = {
				ALWAYS_EMBED_SWIFT_STANDARD_LIBRARIES = YES;
				BUNDLE_LOADER = "$(TEST_HOST)";
				CODE_SIGN_STYLE = Automatic;
				DEVELOPMENT_TEAM = WDTCR7N9PT;
				INFOPLIST_FILE = ImageViewsTests/Info.plist;
				LD_RUNPATH_SEARCH_PATHS = (
					"$(inherited)",
					"@executable_path/Frameworks",
					"@loader_path/Frameworks",
				);
				PRODUCT_BUNDLE_IDENTIFIER = "-7953.ImageViewsTests";
				PRODUCT_NAME = "$(TARGET_NAME)";
				SWIFT_VERSION = 4.0;
				TARGETED_DEVICE_FAMILY = "1,2";
				TEST_HOST = "$(BUILT_PRODUCTS_DIR)/ImageViews.app/ImageViews";
			};
			name = Release;
		};
		16CA9EFD213446B7005B8C59 /* Debug */ = {
			isa = XCBuildConfiguration;
			buildSettings = {
				ALWAYS_EMBED_SWIFT_STANDARD_LIBRARIES = YES;
				CODE_SIGN_STYLE = Automatic;
				DEVELOPMENT_TEAM = WDTCR7N9PT;
				INFOPLIST_FILE = ImageViewsUITests/Info.plist;
				LD_RUNPATH_SEARCH_PATHS = (
					"$(inherited)",
					"@executable_path/Frameworks",
					"@loader_path/Frameworks",
				);
				PRODUCT_BUNDLE_IDENTIFIER = "-7953.ImageViewsUITests";
				PRODUCT_NAME = "$(TARGET_NAME)";
				SWIFT_VERSION = 4.0;
				TARGETED_DEVICE_FAMILY = "1,2";
				TEST_TARGET_NAME = ImageViews;
			};
			name = Debug;
		};
		16CA9EFE213446B7005B8C59 /* Release */ = {
			isa = XCBuildConfiguration;
			buildSettings = {
				ALWAYS_EMBED_SWIFT_STANDARD_LIBRARIES = YES;
				CODE_SIGN_STYLE = Automatic;
				DEVELOPMENT_TEAM = WDTCR7N9PT;
				INFOPLIST_FILE = ImageViewsUITests/Info.plist;
				LD_RUNPATH_SEARCH_PATHS = (
					"$(inherited)",
					"@executable_path/Frameworks",
					"@loader_path/Frameworks",
				);
				PRODUCT_BUNDLE_IDENTIFIER = "-7953.ImageViewsUITests";
				PRODUCT_NAME = "$(TARGET_NAME)";
				SWIFT_VERSION = 4.0;
				TARGETED_DEVICE_FAMILY = "1,2";
				TEST_TARGET_NAME = ImageViews;
			};
			name = Release;
		};
/* End XCBuildConfiguration section */

/* Begin XCConfigurationList section */
		16CA9EC9213446B6005B8C59 /* Build configuration list for PBXProject "ImageViews" */ = {
			isa = XCConfigurationList;
			buildConfigurations = (
				16CA9EF4213446B7005B8C59 /* Debug */,
				16CA9EF5213446B7005B8C59 /* Release */,
			);
			defaultConfigurationIsVisible = 0;
			defaultConfigurationName = Release;
		};
		16CA9EF6213446B7005B8C59 /* Build configuration list for PBXNativeTarget "ImageViews" */ = {
			isa = XCConfigurationList;
			buildConfigurations = (
				16CA9EF7213446B7005B8C59 /* Debug */,
				16CA9EF8213446B7005B8C59 /* Release */,
			);
			defaultConfigurationIsVisible = 0;
			defaultConfigurationName = Release;
		};
		16CA9EF9213446B7005B8C59 /* Build configuration list for PBXNativeTarget "ImageViewsTests" */ = {
			isa = XCConfigurationList;
			buildConfigurations = (
				16CA9EFA213446B7005B8C59 /* Debug */,
				16CA9EFB213446B7005B8C59 /* Release */,
			);
			defaultConfigurationIsVisible = 0;
			defaultConfigurationName = Release;
		};
		16CA9EFC213446B7005B8C59 /* Build configuration list for PBXNativeTarget "ImageViewsUITests" */ = {
			isa = XCConfigurationList;
			buildConfigurations = (
				16CA9EFD213446B7005B8C59 /* Debug */,
				16CA9EFE213446B7005B8C59 /* Release */,
			);
			defaultConfigurationIsVisible = 0;
			defaultConfigurationName = Release;
		};
/* End XCConfigurationList section */
	};
	rootObject = 16CA9EC6213446B6005B8C59 /* Project object */;
}
