// !$*UTF8*$!
{
	archiveVersion = 1;
	classes = {
	};
	objectVersion = 50;
	objects = {

/* Begin PBXBuildFile section */
		1618AE11212DAE320081B605 /* AppDelegate.swift in Sources */ = {isa = PBXBuildFile; fileRef = 1618AE10212DAE320081B605 /* AppDelegate.swift */; };
		1618AE13212DAE320081B605 /* ViewController.swift in Sources */ = {isa = PBXBuildFile; fileRef = 1618AE12212DAE320081B605 /* ViewController.swift */; };
		1618AE16212DAE320081B605 /* Main.storyboard in Resources */ = {isa = PBXBuildFile; fileRef = 1618AE14212DAE320081B605 /* Main.storyboard */; };
		1618AE18212DAE340081B605 /* Assets.xcassets in Resources */ = {isa = PBXBuildFile; fileRef = 1618AE17212DAE340081B605 /* Assets.xcassets */; };
		1618AE1B212DAE340081B605 /* LaunchScreen.storyboard in Resources */ = {isa = PBXBuildFile; fileRef = 1618AE19212DAE340081B605 /* LaunchScreen.storyboard */; };
		1618AE26212DAE340081B605 /* TurnMeBlueTests.swift in Sources */ = {isa = PBXBuildFile; fileRef = 1618AE25212DAE340081B605 /* TurnMeBlueTests.swift */; };
		1618AE31212DAE340081B605 /* TurnMeBlueUITests.swift in Sources */ = {isa = PBXBuildFile; fileRef = 1618AE30212DAE340081B605 /* TurnMeBlueUITests.swift */; };
/* End PBXBuildFile section */

/* Begin PBXContainerItemProxy section */
		1618AE22212DAE340081B605 /* PBXContainerItemProxy */ = {
			isa = PBXContainerItemProxy;
			containerPortal = 1618AE05212DAE320081B605 /* Project object */;
			proxyType = 1;
			remoteGlobalIDString = 1618AE0C212DAE320081B605;
			remoteInfo = TurnMeBlue;
		};
		1618AE2D212DAE340081B605 /* PBXContainerItemProxy */ = {
			isa = PBXContainerItemProxy;
			containerPortal = 1618AE05212DAE320081B605 /* Project object */;
			proxyType = 1;
			remoteGlobalIDString = 1618AE0C212DAE320081B605;
			remoteInfo = TurnMeBlue;
		};
/* End PBXContainerItemProxy section */

/* Begin PBXFileReference section */
		1618AE0D212DAE320081B605 /* TurnMeBlue.app */ = {isa = PBXFileReference; explicitFileType = wrapper.application; includeInIndex = 0; path = TurnMeBlue.app; sourceTree = BUILT_PRODUCTS_DIR; };
		1618AE10212DAE320081B605 /* AppDelegate.swift */ = {isa = PBXFileReference; lastKnownFileType = sourcecode.swift; path = AppDelegate.swift; sourceTree = "<group>"; };
		1618AE12212DAE320081B605 /* ViewController.swift */ = {isa = PBXFileReference; lastKnownFileType = sourcecode.swift; path = ViewController.swift; sourceTree = "<group>"; };
		1618AE15212DAE320081B605 /* Base */ = {isa = PBXFileReference; lastKnownFileType = file.storyboard; name = Base; path = Base.lproj/Main.storyboard; sourceTree = "<group>"; };
		1618AE17212DAE340081B605 /* Assets.xcassets */ = {isa = PBXFileReference; lastKnownFileType = folder.assetcatalog; path = Assets.xcassets; sourceTree = "<group>"; };
		1618AE1A212DAE340081B605 /* Base */ = {isa = PBXFileReference; lastKnownFileType = file.storyboard; name = Base; path = Base.lproj/LaunchScreen.storyboard; sourceTree = "<group>"; };
		1618AE1C212DAE340081B605 /* Info.plist */ = {isa = PBXFileReference; lastKnownFileType = text.plist.xml; path = Info.plist; sourceTree = "<group>"; };
		1618AE21212DAE340081B605 /* TurnMeBlueTests.xctest */ = {isa = PBXFileReference; explicitFileType = wrapper.cfbundle; includeInIndex = 0; path = TurnMeBlueTests.xctest; sourceTree = BUILT_PRODUCTS_DIR; };
		1618AE25212DAE340081B605 /* TurnMeBlueTests.swift */ = {isa = PBXFileReference; lastKnownFileType = sourcecode.swift; path = TurnMeBlueTests.swift; sourceTree = "<group>"; };
		1618AE27212DAE340081B605 /* Info.plist */ = {isa = PBXFileReference; lastKnownFileType = text.plist.xml; path = Info.plist; sourceTree = "<group>"; };
		1618AE2C212DAE340081B605 /* TurnMeBlueUITests.xctest */ = {isa = PBXFileReference; explicitFileType = wrapper.cfbundle; includeInIndex = 0; path = TurnMeBlueUITests.xctest; sourceTree = BUILT_PRODUCTS_DIR; };
		1618AE30212DAE340081B605 /* TurnMeBlueUITests.swift */ = {isa = PBXFileReference; lastKnownFileType = sourcecode.swift; path = TurnMeBlueUITests.swift; sourceTree = "<group>"; };
		1618AE32212DAE340081B605 /* Info.plist */ = {isa = PBXFileReference; lastKnownFileType = text.plist.xml; path = Info.plist; sourceTree = "<group>"; };
/* End PBXFileReference section */

/* Begin PBXFrameworksBuildPhase section */
		1618AE0A212DAE320081B605 /* Frameworks */ = {
			isa = PBXFrameworksBuildPhase;
			buildActionMask = 2147483647;
			files = (
			);
			runOnlyForDeploymentPostprocessing = 0;
		};
		1618AE1E212DAE340081B605 /* Frameworks */ = {
			isa = PBXFrameworksBuildPhase;
			buildActionMask = 2147483647;
			files = (
			);
			runOnlyForDeploymentPostprocessing = 0;
		};
		1618AE29212DAE340081B605 /* Frameworks */ = {
			isa = PBXFrameworksBuildPhase;
			buildActionMask = 2147483647;
			files = (
			);
			runOnlyForDeploymentPostprocessing = 0;
		};
/* End PBXFrameworksBuildPhase section */

/* Begin PBXGroup section */
		1618AE04212DAE320081B605 = {
			isa = PBXGroup;
			children = (
				1618AE0F212DAE320081B605 /* TurnMeBlue */,
				1618AE24212DAE340081B605 /* TurnMeBlueTests */,
				1618AE2F212DAE340081B605 /* TurnMeBlueUITests */,
				1618AE0E212DAE320081B605 /* Products */,
			);
			sourceTree = "<group>";
		};
		1618AE0E212DAE320081B605 /* Products */ = {
			isa = PBXGroup;
			children = (
				1618AE0D212DAE320081B605 /* TurnMeBlue.app */,
				1618AE21212DAE340081B605 /* TurnMeBlueTests.xctest */,
				1618AE2C212DAE340081B605 /* TurnMeBlueUITests.xctest */,
			);
			name = Products;
			sourceTree = "<group>";
		};
		1618AE0F212DAE320081B605 /* TurnMeBlue */ = {
			isa = PBXGroup;
			children = (
				1618AE10212DAE320081B605 /* AppDelegate.swift */,
				1618AE12212DAE320081B605 /* ViewController.swift */,
				1618AE14212DAE320081B605 /* Main.storyboard */,
				1618AE17212DAE340081B605 /* Assets.xcassets */,
				1618AE19212DAE340081B605 /* LaunchScreen.storyboard */,
				1618AE1C212DAE340081B605 /* Info.plist */,
			);
			path = TurnMeBlue;
			sourceTree = "<group>";
		};
		1618AE24212DAE340081B605 /* TurnMeBlueTests */ = {
			isa = PBXGroup;
			children = (
				1618AE25212DAE340081B605 /* TurnMeBlueTests.swift */,
				1618AE27212DAE340081B605 /* Info.plist */,
			);
			path = TurnMeBlueTests;
			sourceTree = "<group>";
		};
		1618AE2F212DAE340081B605 /* TurnMeBlueUITests */ = {
			isa = PBXGroup;
			children = (
				1618AE30212DAE340081B605 /* TurnMeBlueUITests.swift */,
				1618AE32212DAE340081B605 /* Info.plist */,
			);
			path = TurnMeBlueUITests;
			sourceTree = "<group>";
		};
/* End PBXGroup section */

/* Begin PBXNativeTarget section */
		1618AE0C212DAE320081B605 /* TurnMeBlue */ = {
			isa = PBXNativeTarget;
			buildConfigurationList = 1618AE35212DAE340081B605 /* Build configuration list for PBXNativeTarget "TurnMeBlue" */;
			buildPhases = (
				1618AE09212DAE320081B605 /* Sources */,
				1618AE0A212DAE320081B605 /* Frameworks */,
				1618AE0B212DAE320081B605 /* Resources */,
			);
			buildRules = (
			);
			dependencies = (
			);
			name = TurnMeBlue;
			productName = TurnMeBlue;
			productReference = 1618AE0D212DAE320081B605 /* TurnMeBlue.app */;
			productType = "com.apple.product-type.application";
		};
		1618AE20212DAE340081B605 /* TurnMeBlueTests */ = {
			isa = PBXNativeTarget;
			buildConfigurationList = 1618AE38212DAE340081B605 /* Build configuration list for PBXNativeTarget "TurnMeBlueTests" */;
			buildPhases = (
				1618AE1D212DAE340081B605 /* Sources */,
				1618AE1E212DAE340081B605 /* Frameworks */,
				1618AE1F212DAE340081B605 /* Resources */,
			);
			buildRules = (
			);
			dependencies = (
				1618AE23212DAE340081B605 /* PBXTargetDependency */,
			);
			name = TurnMeBlueTests;
			productName = TurnMeBlueTests;
			productReference = 1618AE21212DAE340081B605 /* TurnMeBlueTests.xctest */;
			productType = "com.apple.product-type.bundle.unit-test";
		};
		1618AE2B212DAE340081B605 /* TurnMeBlueUITests */ = {
			isa = PBXNativeTarget;
			buildConfigurationList = 1618AE3B212DAE340081B605 /* Build configuration list for PBXNativeTarget "TurnMeBlueUITests" */;
			buildPhases = (
				1618AE28212DAE340081B605 /* Sources */,
				1618AE29212DAE340081B605 /* Frameworks */,
				1618AE2A212DAE340081B605 /* Resources */,
			);
			buildRules = (
			);
			dependencies = (
				1618AE2E212DAE340081B605 /* PBXTargetDependency */,
			);
			name = TurnMeBlueUITests;
			productName = TurnMeBlueUITests;
			productReference = 1618AE2C212DAE340081B605 /* TurnMeBlueUITests.xctest */;
			productType = "com.apple.product-type.bundle.ui-testing";
		};
/* End PBXNativeTarget section */

/* Begin PBXProject section */
		1618AE05212DAE320081B605 /* Project object */ = {
			isa = PBXProject;
			attributes = {
				LastSwiftUpdateCheck = 0940;
				LastUpgradeCheck = 0940;
				ORGANIZATIONNAME = "Zuhair Ali Kahn 2019";
				TargetAttributes = {
					1618AE0C212DAE320081B605 = {
						CreatedOnToolsVersion = 9.4.1;
					};
					1618AE20212DAE340081B605 = {
						CreatedOnToolsVersion = 9.4.1;
						TestTargetID = 1618AE0C212DAE320081B605;
					};
					1618AE2B212DAE340081B605 = {
						CreatedOnToolsVersion = 9.4.1;
						TestTargetID = 1618AE0C212DAE320081B605;
					};
				};
			};
			buildConfigurationList = 1618AE08212DAE320081B605 /* Build configuration list for PBXProject "TurnMeBlue" */;
			compatibilityVersion = "Xcode 9.3";
			developmentRegion = en;
			hasScannedForEncodings = 0;
			knownRegions = (
				en,
				Base,
			);
			mainGroup = 1618AE04212DAE320081B605;
			productRefGroup = 1618AE0E212DAE320081B605 /* Products */;
			projectDirPath = "";
			projectRoot = "";
			targets = (
				1618AE0C212DAE320081B605 /* TurnMeBlue */,
				1618AE20212DAE340081B605 /* TurnMeBlueTests */,
				1618AE2B212DAE340081B605 /* TurnMeBlueUITests */,
			);
		};
/* End PBXProject section */

/* Begin PBXResourcesBuildPhase section */
		1618AE0B212DAE320081B605 /* Resources */ = {
			isa = PBXResourcesBuildPhase;
			buildActionMask = 2147483647;
			files = (
				1618AE1B212DAE340081B605 /* LaunchScreen.storyboard in Resources */,
				1618AE18212DAE340081B605 /* Assets.xcassets in Resources */,
				1618AE16212DAE320081B605 /* Main.storyboard in Resources */,
			);
			runOnlyForDeploymentPostprocessing = 0;
		};
		1618AE1F212DAE340081B605 /* Resources */ = {
			isa = PBXResourcesBuildPhase;
			buildActionMask = 2147483647;
			files = (
			);
			runOnlyForDeploymentPostprocessing = 0;
		};
		1618AE2A212DAE340081B605 /* Resources */ = {
			isa = PBXResourcesBuildPhase;
			buildActionMask = 2147483647;
			files = (
			);
			runOnlyForDeploymentPostprocessing = 0;
		};
/* End PBXResourcesBuildPhase section */

/* Begin PBXSourcesBuildPhase section */
		1618AE09212DAE320081B605 /* Sources */ = {
			isa = PBXSourcesBuildPhase;
			buildActionMask = 2147483647;
			files = (
				1618AE13212DAE320081B605 /* ViewController.swift in Sources */,
				1618AE11212DAE320081B605 /* AppDelegate.swift in Sources */,
			);
			runOnlyForDeploymentPostprocessing = 0;
		};
		1618AE1D212DAE340081B605 /* Sources */ = {
			isa = PBXSourcesBuildPhase;
			buildActionMask = 2147483647;
			files = (
				1618AE26212DAE340081B605 /* TurnMeBlueTests.swift in Sources */,
			);
			runOnlyForDeploymentPostprocessing = 0;
		};
		1618AE28212DAE340081B605 /* Sources */ = {
			isa = PBXSourcesBuildPhase;
			buildActionMask = 2147483647;
			files = (
				1618AE31212DAE340081B605 /* TurnMeBlueUITests.swift in Sources */,
			);
			runOnlyForDeploymentPostprocessing = 0;
		};
/* End PBXSourcesBuildPhase section */

/* Begin PBXTargetDependency section */
		1618AE23212DAE340081B605 /* PBXTargetDependency */ = {
			isa = PBXTargetDependency;
			target = 1618AE0C212DAE320081B605 /* TurnMeBlue */;
			targetProxy = 1618AE22212DAE340081B605 /* PBXContainerItemProxy */;
		};
		1618AE2E212DAE340081B605 /* PBXTargetDependency */ = {
			isa = PBXTargetDependency;
			target = 1618AE0C212DAE320081B605 /* TurnMeBlue */;
			targetProxy = 1618AE2D212DAE340081B605 /* PBXContainerItemProxy */;
		};
/* End PBXTargetDependency section */

/* Begin PBXVariantGroup section */
		1618AE14212DAE320081B605 /* Main.storyboard */ = {
			isa = PBXVariantGroup;
			children = (
				1618AE15212DAE320081B605 /* Base */,
			);
			name = Main.storyboard;
			sourceTree = "<group>";
		};
		1618AE19212DAE340081B605 /* LaunchScreen.storyboard */ = {
			isa = PBXVariantGroup;
			children = (
				1618AE1A212DAE340081B605 /* Base */,
			);
			name = LaunchScreen.storyboard;
			sourceTree = "<group>";
		};
/* End PBXVariantGroup section */

/* Begin XCBuildConfiguration section */
		1618AE33212DAE340081B605 /* Debug */ = {
			isa = XCBuildConfiguration;
			buildSettings = {
				ALWAYS_SEARCH_USER_PATHS = NO;
				CLANG_ANALYZER_NONNULL = YES;
				CLANG_ANALYZER_NUMBER_OBJECT_CONVERSION = YES_AGGRESSIVE;
				CLANG_CXX_LANGUAGE_STANDARD = "gnu++14";
				CLANG_CXX_LIBRARY = "libc++";
				CLANG_ENABLE_MODULES = YES;
				CLANG_ENABLE_OBJC_ARC = YES;
				CLANG_ENABLE_OBJC_WEAK = YES;
				CLANG_WARN_BLOCK_CAPTURE_AUTORELEASING = YES;
				CLANG_WARN_BOOL_CONVERSION = YES;
				CLANG_WARN_COMMA = YES;
				CLANG_WARN_CONSTANT_CONVERSION = YES;
				CLANG_WARN_DEPRECATED_OBJC_IMPLEMENTATIONS = YES;
				CLANG_WARN_DIRECT_OBJC_ISA_USAGE = YES_ERROR;
				CLANG_WARN_DOCUMENTATION_COMMENTS = YES;
				CLANG_WARN_EMPTY_BODY = YES;
				CLANG_WARN_ENUM_CONVERSION = YES;
				CLANG_WARN_INFINITE_RECURSION = YES;
				CLANG_WARN_INT_CONVERSION = YES;
				CLANG_WARN_NON_LITERAL_NULL_CONVERSION = YES;
				CLANG_WARN_OBJC_IMPLICIT_RETAIN_SELF = YES;
				CLANG_WARN_OBJC_LITERAL_CONVERSION = YES;
				CLANG_WARN_OBJC_ROOT_CLASS = YES_ERROR;
				CLANG_WARN_RANGE_LOOP_ANALYSIS = YES;
				CLANG_WARN_STRICT_PROTOTYPES = YES;
				CLANG_WARN_SUSPICIOUS_MOVE = YES;
				CLANG_WARN_UNGUARDED_AVAILABILITY = YES_AGGRESSIVE;
				CLANG_WARN_UNREACHABLE_CODE = YES;
				CLANG_WARN__DUPLICATE_METHOD_MATCH = YES;
				CODE_SIGN_IDENTITY = "iPhone Developer";
				COPY_PHASE_STRIP = NO;
				DEBUG_INFORMATION_FORMAT = dwarf;
				ENABLE_STRICT_OBJC_MSGSEND = YES;
				ENABLE_TESTABILITY = YES;
				GCC_C_LANGUAGE_STANDARD = gnu11;
				GCC_DYNAMIC_NO_PIC = NO;
				GCC_NO_COMMON_BLOCKS = YES;
				GCC_OPTIMIZATION_LEVEL = 0;
				GCC_PREPROCESSOR_DEFINITIONS = (
					"DEBUG=1",
					"$(inherited)",
				);
				GCC_WARN_64_TO_32_BIT_CONVERSION = YES;
				GCC_WARN_ABOUT_RETURN_TYPE = YES_ERROR;
				GCC_WARN_UNDECLARED_SELECTOR = YES;
				GCC_WARN_UNINITIALIZED_AUTOS = YES_AGGRESSIVE;
				GCC_WARN_UNUSED_FUNCTION = YES;
				GCC_WARN_UNUSED_VARIABLE = YES;
				IPHONEOS_DEPLOYMENT_TARGET = 11.4;
				MTL_ENABLE_DEBUG_INFO = YES;
				ONLY_ACTIVE_ARCH = YES;
				SDKROOT = iphoneos;
				SWIFT_ACTIVE_COMPILATION_CONDITIONS = DEBUG;
				SWIFT_OPTIMIZATION_LEVEL = "-Onone";
			};
			name = Debug;
		};
		1618AE34212DAE340081B605 /* Release */ = {
			isa = XCBuildConfiguration;
			buildSettings = {
				ALWAYS_SEARCH_USER_PATHS = NO;
				CLANG_ANALYZER_NONNULL = YES;
				CLANG_ANALYZER_NUMBER_OBJECT_CONVERSION = YES_AGGRESSIVE;
				CLANG_CXX_LANGUAGE_STANDARD = "gnu++14";
				CLANG_CXX_LIBRARY = "libc++";
				CLANG_ENABLE_MODULES = YES;
				CLANG_ENABLE_OBJC_ARC = YES;
				CLANG_ENABLE_OBJC_WEAK = YES;
				CLANG_WARN_BLOCK_CAPTURE_AUTORELEASING = YES;
				CLANG_WARN_BOOL_CONVERSION = YES;
				CLANG_WARN_COMMA = YES;
				CLANG_WARN_CONSTANT_CONVERSION = YES;
				CLANG_WARN_DEPRECATED_OBJC_IMPLEMENTATIONS = YES;
				CLANG_WARN_DIRECT_OBJC_ISA_USAGE = YES_ERROR;
				CLANG_WARN_DOCUMENTATION_COMMENTS = YES;
				CLANG_WARN_EMPTY_BODY = YES;
				CLANG_WARN_ENUM_CONVERSION = YES;
				CLANG_WARN_INFINITE_RECURSION = YES;
				CLANG_WARN_INT_CONVERSION = YES;
				CLANG_WARN_NON_LITERAL_NULL_CONVERSION = YES;
				CLANG_WARN_OBJC_IMPLICIT_RETAIN_SELF = YES;
				CLANG_WARN_OBJC_LITERAL_CONVERSION = YES;
				CLANG_WARN_OBJC_ROOT_CLASS = YES_ERROR;
				CLANG_WARN_RANGE_LOOP_ANALYSIS = YES;
				CLANG_WARN_STRICT_PROTOTYPES = YES;
				CLANG_WARN_SUSPICIOUS_MOVE = YES;
				CLANG_WARN_UNGUARDED_AVAILABILITY = YES_AGGRESSIVE;
				CLANG_WARN_UNREACHABLE_CODE = YES;
				CLANG_WARN__DUPLICATE_METHOD_MATCH = YES;
				CODE_SIGN_IDENTITY = "iPhone Developer";
				COPY_PHASE_STRIP = NO;
				DEBUG_INFORMATION_FORMAT = "dwarf-with-dsym";
				ENABLE_NS_ASSERTIONS = NO;
				ENABLE_STRICT_OBJC_MSGSEND = YES;
				GCC_C_LANGUAGE_STANDARD = gnu11;
				GCC_NO_COMMON_BLOCKS = YES;
				GCC_WARN_64_TO_32_BIT_CONVERSION = YES;
				GCC_WARN_ABOUT_RETURN_TYPE = YES_ERROR;
				GCC_WARN_UNDECLARED_SELECTOR = YES;
				GCC_WARN_UNINITIALIZED_AUTOS = YES_AGGRESSIVE;
				GCC_WARN_UNUSED_FUNCTION = YES;
				GCC_WARN_UNUSED_VARIABLE = YES;
				IPHONEOS_DEPLOYMENT_TARGET = 11.4;
				MTL_ENABLE_DEBUG_INFO = NO;
				SDKROOT = iphoneos;
				SWIFT_COMPILATION_MODE = wholemodule;
				SWIFT_OPTIMIZATION_LEVEL = "-O";
				VALIDATE_PRODUCT = YES;
			};
			name = Release;
		};
		1618AE36212DAE340081B605 /* Debug */ = {
			isa = XCBuildConfiguration;
			buildSettings = {
				ASSETCATALOG_COMPILER_APPICON_NAME = AppIcon;
				CODE_SIGN_STYLE = Automatic;
				DEVELOPMENT_TEAM = WDTCR7N9PT;
				INFOPLIST_FILE = TurnMeBlue/Info.plist;
				LD_RUNPATH_SEARCH_PATHS = (
					"$(inherited)",
					"@executable_path/Frameworks",
				);
				PRODUCT_BUNDLE_IDENTIFIER = "-7953.TurnMeBlue";
				PRODUCT_NAME = "$(TARGET_NAME)";
				SWIFT_VERSION = 4.0;
				TARGETED_DEVICE_FAMILY = "1,2";
			};
			name = Debug;
		};
		1618AE37212DAE340081B605 /* Release */ = {
			isa = XCBuildConfiguration;
			buildSettings = {
				ASSETCATALOG_COMPILER_APPICON_NAME = AppIcon;
				CODE_SIGN_STYLE = Automatic;
				DEVELOPMENT_TEAM = WDTCR7N9PT;
				INFOPLIST_FILE = TurnMeBlue/Info.plist;
				LD_RUNPATH_SEARCH_PATHS = (
					"$(inherited)",
					"@executable_path/Frameworks",
				);
				PRODUCT_BUNDLE_IDENTIFIER = "-7953.TurnMeBlue";
				PRODUCT_NAME = "$(TARGET_NAME)";
				SWIFT_VERSION = 4.0;
				TARGETED_DEVICE_FAMILY = "1,2";
			};
			name = Release;
		};
		1618AE39212DAE340081B605 /* Debug */ = {
			isa = XCBuildConfiguration;
			buildSettings = {
				ALWAYS_EMBED_SWIFT_STANDARD_LIBRARIES = YES;
				BUNDLE_LOADER = "$(TEST_HOST)";
				CODE_SIGN_STYLE = Automatic;
				INFOPLIST_FILE = TurnMeBlueTests/Info.plist;
				LD_RUNPATH_SEARCH_PATHS = (
					"$(inherited)",
					"@executable_path/Frameworks",
					"@loader_path/Frameworks",
				);
				PRODUCT_BUNDLE_IDENTIFIER = "-7953.TurnMeBlueTests";
				PRODUCT_NAME = "$(TARGET_NAME)";
				SWIFT_VERSION = 4.0;
				TARGETED_DEVICE_FAMILY = "1,2";
				TEST_HOST = "$(BUILT_PRODUCTS_DIR)/TurnMeBlue.app/TurnMeBlue";
			};
			name = Debug;
		};
		1618AE3A212DAE340081B605 /* Release */ = {
			isa = XCBuildConfiguration;
			buildSettings = {
				ALWAYS_EMBED_SWIFT_STANDARD_LIBRARIES = YES;
				BUNDLE_LOADER = "$(TEST_HOST)";
				CODE_SIGN_STYLE = Automatic;
				INFOPLIST_FILE = TurnMeBlueTests/Info.plist;
				LD_RUNPATH_SEARCH_PATHS = (
					"$(inherited)",
					"@executable_path/Frameworks",
					"@loader_path/Frameworks",
				);
				PRODUCT_BUNDLE_IDENTIFIER = "-7953.TurnMeBlueTests";
				PRODUCT_NAME = "$(TARGET_NAME)";
				SWIFT_VERSION = 4.0;
				TARGETED_DEVICE_FAMILY = "1,2";
				TEST_HOST = "$(BUILT_PRODUCTS_DIR)/TurnMeBlue.app/TurnMeBlue";
			};
			name = Release;
		};
		1618AE3C212DAE340081B605 /* Debug */ = {
			isa = XCBuildConfiguration;
			buildSettings = {
				ALWAYS_EMBED_SWIFT_STANDARD_LIBRARIES = YES;
				CODE_SIGN_STYLE = Automatic;
				INFOPLIST_FILE = TurnMeBlueUITests/Info.plist;
				LD_RUNPATH_SEARCH_PATHS = (
					"$(inherited)",
					"@executable_path/Frameworks",
					"@loader_path/Frameworks",
				);
				PRODUCT_BUNDLE_IDENTIFIER = "-7953.TurnMeBlueUITests";
				PRODUCT_NAME = "$(TARGET_NAME)";
				SWIFT_VERSION = 4.0;
				TARGETED_DEVICE_FAMILY = "1,2";
				TEST_TARGET_NAME = TurnMeBlue;
			};
			name = Debug;
		};
		1618AE3D212DAE340081B605 /* Release */ = {
			isa = XCBuildConfiguration;
			buildSettings = {
				ALWAYS_EMBED_SWIFT_STANDARD_LIBRARIES = YES;
				CODE_SIGN_STYLE = Automatic;
				INFOPLIST_FILE = TurnMeBlueUITests/Info.plist;
				LD_RUNPATH_SEARCH_PATHS = (
					"$(inherited)",
					"@executable_path/Frameworks",
					"@loader_path/Frameworks",
				);
				PRODUCT_BUNDLE_IDENTIFIER = "-7953.TurnMeBlueUITests";
				PRODUCT_NAME = "$(TARGET_NAME)";
				SWIFT_VERSION = 4.0;
				TARGETED_DEVICE_FAMILY = "1,2";
				TEST_TARGET_NAME = TurnMeBlue;
			};
			name = Release;
		};
/* End XCBuildConfiguration section */

/* Begin XCConfigurationList section */
		1618AE08212DAE320081B605 /* Build configuration list for PBXProject "TurnMeBlue" */ = {
			isa = XCConfigurationList;
			buildConfigurations = (
				1618AE33212DAE340081B605 /* Debug */,
				1618AE34212DAE340081B605 /* Release */,
			);
			defaultConfigurationIsVisible = 0;
			defaultConfigurationName = Release;
		};
		1618AE35212DAE340081B605 /* Build configuration list for PBXNativeTarget "TurnMeBlue" */ = {
			isa = XCConfigurationList;
			buildConfigurations = (
				1618AE36212DAE340081B605 /* Debug */,
				1618AE37212DAE340081B605 /* Release */,
			);
			defaultConfigurationIsVisible = 0;
			defaultConfigurationName = Release;
		};
		1618AE38212DAE340081B605 /* Build configuration list for PBXNativeTarget "TurnMeBlueTests" */ = {
			isa = XCConfigurationList;
			buildConfigurations = (
				1618AE39212DAE340081B605 /* Debug */,
				1618AE3A212DAE340081B605 /* Release */,
			);
			defaultConfigurationIsVisible = 0;
			defaultConfigurationName = Release;
		};
		1618AE3B212DAE340081B605 /* Build configuration list for PBXNativeTarget "TurnMeBlueUITests" */ = {
			isa = XCConfigurationList;
			buildConfigurations = (
				1618AE3C212DAE340081B605 /* Debug */,
				1618AE3D212DAE340081B605 /* Release */,
			);
			defaultConfigurationIsVisible = 0;
			defaultConfigurationName = Release;
		};
/* End XCConfigurationList section */
	};
	rootObject = 1618AE05212DAE320081B605 /* Project object */;
}
