PODS:
  - Firebase/CoreOnly (5.7.0):
    - FirebaseCore (= 5.1.2)
  - Firebase/Database (5.7.0):
    - Firebase/CoreOnly
    - FirebaseDatabase (= 5.0.2)
  - FirebaseCore (5.1.2):
    - GoogleUtilities/Logger (~> 5.2)
  - FirebaseDatabase (5.0.2):
    - FirebaseCore (~> 5.0)
    - leveldb-library (~> 1.18)
  - GoogleUtilities/Environment (5.2.3)
  - GoogleUtilities/Logger (5.2.3):
    - GoogleUtilities/Environment
  - leveldb-library (1.20)

DEPENDENCIES:
  - Firebase/Database

SPEC REPOS:
  https://github.com/cocoapods/specs.git:
    - Firebase
    - FirebaseCore
    - FirebaseDatabase
    - GoogleUtilities
    - leveldb-library

SPEC CHECKSUMS:
  Firebase: 734a4f92957aa6c40e7ae3fda3d9359e1890aa87
  FirebaseCore: 3a97432acb324b439fbed338e642f9cbb516a63d
  FirebaseDatabase: 27be5ac5bc75e0b17537b2bbfada8258addcc8cd
  GoogleUtilities: 6f681e27050c5e130325e89fa0316dfca826f954
  leveldb-library: 08cba283675b7ed2d99629a4bc5fd052cd2bb6a5

PODFILE CHECKSUM: 96a662354116c43108c7530712385cfe3430e75d

COCOAPODS: 1.6.0.beta.1
